// !$*UTF8*$!
{
	archiveVersion = 1;
	classes = {
	};
	objectVersion = 50;
	objects = {

/* Begin PBXBuildFile section */
		C9A516892070E21600B45A37 /* main.cpp in Sources */ = {isa = PBXBuildFile; fileRef = C9A516882070E21600B45A37 /* main.cpp */; };
		C9A516962070EC4500B45A37 /* main.cpp in Sources */ = {isa = PBXBuildFile; fileRef = C9A516952070EC4500B45A37 /* main.cpp */; };
		C9EB6BFB2070F4C7003D86D3 /* main.cpp in Sources */ = {isa = PBXBuildFile; fileRef = C9EB6BFA2070F4C7003D86D3 /* main.cpp */; };
/* End PBXBuildFile section */

/* Begin PBXCopyFilesBuildPhase section */
		C9A516832070E21600B45A37 /* CopyFiles */ = {
			isa = PBXCopyFilesBuildPhase;
			buildActionMask = 2147483647;
			dstPath = /usr/share/man/man1/;
			dstSubfolderSpec = 0;
			files = (
			);
			runOnlyForDeploymentPostprocessing = 1;
		};
		C9A516912070EC4500B45A37 /* CopyFiles */ = {
			isa = PBXCopyFilesBuildPhase;
			buildActionMask = 2147483647;
			dstPath = /usr/share/man/man1/;
			dstSubfolderSpec = 0;
			files = (
			);
			runOnlyForDeploymentPostprocessing = 1;
		};
		C9EB6BF62070F4C7003D86D3 /* CopyFiles */ = {
			isa = PBXCopyFilesBuildPhase;
			buildActionMask = 2147483647;
			dstPath = /usr/share/man/man1/;
			dstSubfolderSpec = 0;
			files = (
			);
			runOnlyForDeploymentPostprocessing = 1;
		};
/* End PBXCopyFilesBuildPhase section */

/* Begin PBXFileReference section */
		C9A516852070E21600B45A37 /* Line */ = {isa = PBXFileReference; explicitFileType = "compiled.mach-o.executable"; includeInIndex = 0; path = Line; sourceTree = BUILT_PRODUCTS_DIR; };
		C9A516882070E21600B45A37 /* main.cpp */ = {isa = PBXFileReference; lastKnownFileType = sourcecode.cpp.cpp; path = main.cpp; sourceTree = "<group>"; };
		C9A516932070EC4500B45A37 /* 2 */ = {isa = PBXFileReference; explicitFileType = "compiled.mach-o.executable"; includeInIndex = 0; path = 2; sourceTree = BUILT_PRODUCTS_DIR; };
		C9A516952070EC4500B45A37 /* main.cpp */ = {isa = PBXFileReference; lastKnownFileType = sourcecode.cpp.cpp; path = main.cpp; sourceTree = "<group>"; };
		C9EB6BF82070F4C7003D86D3 /* 3 */ = {isa = PBXFileReference; explicitFileType = "compiled.mach-o.executable"; includeInIndex = 0; path = 3; sourceTree = BUILT_PRODUCTS_DIR; };
		C9EB6BFA2070F4C7003D86D3 /* main.cpp */ = {isa = PBXFileReference; lastKnownFileType = sourcecode.cpp.cpp; path = main.cpp; sourceTree = "<group>"; };
/* End PBXFileReference section */

/* Begin PBXFrameworksBuildPhase section */
		C9A516822070E21600B45A37 /* Frameworks */ = {
			isa = PBXFrameworksBuildPhase;
			buildActionMask = 2147483647;
			files = (
			);
			runOnlyForDeploymentPostprocessing = 0;
		};
		C9A516902070EC4500B45A37 /* Frameworks */ = {
			isa = PBXFrameworksBuildPhase;
			buildActionMask = 2147483647;
			files = (
			);
			runOnlyForDeploymentPostprocessing = 0;
		};
		C9EB6BF52070F4C7003D86D3 /* Frameworks */ = {
			isa = PBXFrameworksBuildPhase;
			buildActionMask = 2147483647;
			files = (
			);
			runOnlyForDeploymentPostprocessing = 0;
		};
/* End PBXFrameworksBuildPhase section */

/* Begin PBXGroup section */
		C9A5167C2070E21600B45A37 = {
			isa = PBXGroup;
			children = (
				C9A516872070E21600B45A37 /* Line */,
				C9A516942070EC4500B45A37 /* 2 */,
				C9EB6BF92070F4C7003D86D3 /* 3 */,
				C9A516862070E21600B45A37 /* Products */,
			);
			sourceTree = "<group>";
		};
		C9A516862070E21600B45A37 /* Products */ = {
			isa = PBXGroup;
			children = (
				C9A516852070E21600B45A37 /* Line */,
				C9A516932070EC4500B45A37 /* 2 */,
				C9EB6BF82070F4C7003D86D3 /* 3 */,
			);
			name = Products;
			sourceTree = "<group>";
		};
		C9A516872070E21600B45A37 /* Line */ = {
			isa = PBXGroup;
			children = (
				C9A516882070E21600B45A37 /* main.cpp */,
			);
			path = Line;
			sourceTree = "<group>";
		};
		C9A516942070EC4500B45A37 /* 2 */ = {
			isa = PBXGroup;
			children = (
				C9A516952070EC4500B45A37 /* main.cpp */,
			);
			path = 2;
			sourceTree = "<group>";
		};
		C9EB6BF92070F4C7003D86D3 /* 3 */ = {
			isa = PBXGroup;
			children = (
				C9EB6BFA2070F4C7003D86D3 /* main.cpp */,
			);
			path = 3;
			sourceTree = "<group>";
		};
/* End PBXGroup section */

/* Begin PBXNativeTarget section */
		C9A516842070E21600B45A37 /* Line */ = {
			isa = PBXNativeTarget;
			buildConfigurationList = C9A5168C2070E21600B45A37 /* Build configuration list for PBXNativeTarget "Line" */;
			buildPhases = (
				C9A516812070E21600B45A37 /* Sources */,
				C9A516822070E21600B45A37 /* Frameworks */,
				C9A516832070E21600B45A37 /* CopyFiles */,
			);
			buildRules = (
			);
			dependencies = (
			);
			name = Line;
			productName = Line;
			productReference = C9A516852070E21600B45A37 /* Line */;
			productType = "com.apple.product-type.tool";
		};
		C9A516922070EC4500B45A37 /* 2 */ = {
			isa = PBXNativeTarget;
			buildConfigurationList = C9A516972070EC4500B45A37 /* Build configuration list for PBXNativeTarget "2" */;
			buildPhases = (
				C9A5168F2070EC4500B45A37 /* Sources */,
				C9A516902070EC4500B45A37 /* Frameworks */,
				C9A516912070EC4500B45A37 /* CopyFiles */,
			);
			buildRules = (
			);
			dependencies = (
			);
			name = 2;
			productName = 2;
			productReference = C9A516932070EC4500B45A37 /* 2 */;
			productType = "com.apple.product-type.tool";
		};
		C9EB6BF72070F4C7003D86D3 /* 3 */ = {
			isa = PBXNativeTarget;
			buildConfigurationList = C9EB6BFE2070F4C7003D86D3 /* Build configuration list for PBXNativeTarget "3" */;
			buildPhases = (
				C9EB6BF42070F4C7003D86D3 /* Sources */,
				C9EB6BF52070F4C7003D86D3 /* Frameworks */,
				C9EB6BF62070F4C7003D86D3 /* CopyFiles */,
			);
			buildRules = (
			);
			dependencies = (
			);
			name = 3;
			productName = 3;
			productReference = C9EB6BF82070F4C7003D86D3 /* 3 */;
			productType = "com.apple.product-type.tool";
		};
/* End PBXNativeTarget section */

/* Begin PBXProject section */
		C9A5167D2070E21600B45A37 /* Project object */ = {
			isa = PBXProject;
			attributes = {
				LastUpgradeCheck = 0930;
				ORGANIZATIONNAME = Rurumimic;
				TargetAttributes = {
					C9A516842070E21600B45A37 = {
						CreatedOnToolsVersion = 9.3;
					};
					C9A516922070EC4500B45A37 = {
						CreatedOnToolsVersion = 9.3;
					};
					C9EB6BF72070F4C7003D86D3 = {
						CreatedOnToolsVersion = 9.3;
					};
				};
			};
			buildConfigurationList = C9A516802070E21600B45A37 /* Build configuration list for PBXProject "Line" */;
			compatibilityVersion = "Xcode 9.3";
			developmentRegion = en;
			hasScannedForEncodings = 0;
			knownRegions = (
				en,
			);
			mainGroup = C9A5167C2070E21600B45A37;
			productRefGroup = C9A516862070E21600B45A37 /* Products */;
			projectDirPath = "";
			projectRoot = "";
			targets = (
				C9A516842070E21600B45A37 /* Line */,
				C9A516922070EC4500B45A37 /* 2 */,
				C9EB6BF72070F4C7003D86D3 /* 3 */,
			);
		};
/* End PBXProject section */

/* Begin PBXSourcesBuildPhase section */
		C9A516812070E21600B45A37 /* Sources */ = {
			isa = PBXSourcesBuildPhase;
			buildActionMask = 2147483647;
			files = (
				C9A516892070E21600B45A37 /* main.cpp in Sources */,
			);
			runOnlyForDeploymentPostprocessing = 0;
		};
		C9A5168F2070EC4500B45A37 /* Sources */ = {
			isa = PBXSourcesBuildPhase;
			buildActionMask = 2147483647;
			files = (
				C9A516962070EC4500B45A37 /* main.cpp in Sources */,
			);
			runOnlyForDeploymentPostprocessing = 0;
		};
		C9EB6BF42070F4C7003D86D3 /* Sources */ = {
			isa = PBXSourcesBuildPhase;
			buildActionMask = 2147483647;
			files = (
				C9EB6BFB2070F4C7003D86D3 /* main.cpp in Sources */,
			);
			runOnlyForDeploymentPostprocessing = 0;
		};
/* End PBXSourcesBuildPhase section */

/* Begin XCBuildConfiguration section */
		C9A5168A2070E21600B45A37 /* Debug */ = {
			isa = XCBuildConfiguration;
			buildSettings = {
				ALWAYS_SEARCH_USER_PATHS = NO;
				CLANG_ANALYZER_NONNULL = YES;
				CLANG_ANALYZER_NUMBER_OBJECT_CONVERSION = YES_AGGRESSIVE;
				CLANG_CXX_LANGUAGE_STANDARD = "gnu++14";
				CLANG_CXX_LIBRARY = "libc++";
				CLANG_ENABLE_MODULES = YES;
				CLANG_ENABLE_OBJC_ARC = YES;
				CLANG_ENABLE_OBJC_WEAK = YES;
				CLANG_WARN_BLOCK_CAPTURE_AUTORELEASING = YES;
				CLANG_WARN_BOOL_CONVERSION = YES;
				CLANG_WARN_COMMA = YES;
				CLANG_WARN_CONSTANT_CONVERSION = YES;
				CLANG_WARN_DEPRECATED_OBJC_IMPLEMENTATIONS = YES;
				CLANG_WARN_DIRECT_OBJC_ISA_USAGE = YES_ERROR;
				CLANG_WARN_DOCUMENTATION_COMMENTS = YES;
				CLANG_WARN_EMPTY_BODY = YES;
				CLANG_WARN_ENUM_CONVERSION = YES;
				CLANG_WARN_INFINITE_RECURSION = YES;
				CLANG_WARN_INT_CONVERSION = YES;
				CLANG_WARN_NON_LITERAL_NULL_CONVERSION = YES;
				CLANG_WARN_OBJC_IMPLICIT_RETAIN_SELF = YES;
				CLANG_WARN_OBJC_LITERAL_CONVERSION = YES;
				CLANG_WARN_OBJC_ROOT_CLASS = YES_ERROR;
				CLANG_WARN_RANGE_LOOP_ANALYSIS = YES;
				CLANG_WARN_STRICT_PROTOTYPES = YES;
				CLANG_WARN_SUSPICIOUS_MOVE = YES;
				CLANG_WARN_UNGUARDED_AVAILABILITY = YES_AGGRESSIVE;
				CLANG_WARN_UNREACHABLE_CODE = YES;
				CLANG_WARN__DUPLICATE_METHOD_MATCH = YES;
				CODE_SIGN_IDENTITY = "Mac Developer";
				COPY_PHASE_STRIP = NO;
				DEBUG_INFORMATION_FORMAT = dwarf;
				ENABLE_STRICT_OBJC_MSGSEND = YES;
				ENABLE_TESTABILITY = YES;
				GCC_C_LANGUAGE_STANDARD = gnu11;
				GCC_DYNAMIC_NO_PIC = NO;
				GCC_NO_COMMON_BLOCKS = YES;
				GCC_OPTIMIZATION_LEVEL = 0;
				GCC_PREPROCESSOR_DEFINITIONS = (
					"DEBUG=1",
					"$(inherited)",
				);
				GCC_WARN_64_TO_32_BIT_CONVERSION = YES;
				GCC_WARN_ABOUT_RETURN_TYPE = YES_ERROR;
				GCC_WARN_UNDECLARED_SELECTOR = YES;
				GCC_WARN_UNINITIALIZED_AUTOS = YES_AGGRESSIVE;
				GCC_WARN_UNUSED_FUNCTION = YES;
				GCC_WARN_UNUSED_VARIABLE = YES;
				MACOSX_DEPLOYMENT_TARGET = 10.13;
				MTL_ENABLE_DEBUG_INFO = YES;
				ONLY_ACTIVE_ARCH = YES;
				SDKROOT = macosx;
			};
			name = Debug;
		};
		C9A5168B2070E21600B45A37 /* Release */ = {
			isa = XCBuildConfiguration;
			buildSettings = {
				ALWAYS_SEARCH_USER_PATHS = NO;
				CLANG_ANALYZER_NONNULL = YES;
				CLANG_ANALYZER_NUMBER_OBJECT_CONVERSION = YES_AGGRESSIVE;
				CLANG_CXX_LANGUAGE_STANDARD = "gnu++14";
				CLANG_CXX_LIBRARY = "libc++";
				CLANG_ENABLE_MODULES = YES;
				CLANG_ENABLE_OBJC_ARC = YES;
				CLANG_ENABLE_OBJC_WEAK = YES;
				CLANG_WARN_BLOCK_CAPTURE_AUTORELEASING = YES;
				CLANG_WARN_BOOL_CONVERSION = YES;
				CLANG_WARN_COMMA = YES;
				CLANG_WARN_CONSTANT_CONVERSION = YES;
				CLANG_WARN_DEPRECATED_OBJC_IMPLEMENTATIONS = YES;
				CLANG_WARN_DIRECT_OBJC_ISA_USAGE = YES_ERROR;
				CLANG_WARN_DOCUMENTATION_COMMENTS = YES;
				CLANG_WARN_EMPTY_BODY = YES;
				CLANG_WARN_ENUM_CONVERSION = YES;
				CLANG_WARN_INFINITE_RECURSION = YES;
				CLANG_WARN_INT_CONVERSION = YES;
				CLANG_WARN_NON_LITERAL_NULL_CONVERSION = YES;
				CLANG_WARN_OBJC_IMPLICIT_RETAIN_SELF = YES;
				CLANG_WARN_OBJC_LITERAL_CONVERSION = YES;
				CLANG_WARN_OBJC_ROOT_CLASS = YES_ERROR;
				CLANG_WARN_RANGE_LOOP_ANALYSIS = YES;
				CLANG_WARN_STRICT_PROTOTYPES = YES;
				CLANG_WARN_SUSPICIOUS_MOVE = YES;
				CLANG_WARN_UNGUARDED_AVAILABILITY = YES_AGGRESSIVE;
				CLANG_WARN_UNREACHABLE_CODE = YES;
				CLANG_WARN__DUPLICATE_METHOD_MATCH = YES;
				CODE_SIGN_IDENTITY = "Mac Developer";
				COPY_PHASE_STRIP = NO;
				DEBUG_INFORMATION_FORMAT = "dwarf-with-dsym";
				ENABLE_NS_ASSERTIONS = NO;
				ENABLE_STRICT_OBJC_MSGSEND = YES;
				GCC_C_LANGUAGE_STANDARD = gnu11;
				GCC_NO_COMMON_BLOCKS = YES;
				GCC_WARN_64_TO_32_BIT_CONVERSION = YES;
				GCC_WARN_ABOUT_RETURN_TYPE = YES_ERROR;
				GCC_WARN_UNDECLARED_SELECTOR = YES;
				GCC_WARN_UNINITIALIZED_AUTOS = YES_AGGRESSIVE;
				GCC_WARN_UNUSED_FUNCTION = YES;
				GCC_WARN_UNUSED_VARIABLE = YES;
				MACOSX_DEPLOYMENT_TARGET = 10.13;
				MTL_ENABLE_DEBUG_INFO = NO;
				SDKROOT = macosx;
			};
			name = Release;
		};
		C9A5168D2070E21600B45A37 /* Debug */ = {
			isa = XCBuildConfiguration;
			buildSettings = {
				CODE_SIGN_STYLE = Automatic;
				DEVELOPMENT_TEAM = Y3Y536TWHV;
				PRODUCT_NAME = "$(TARGET_NAME)";
			};
			name = Debug;
		};
		C9A5168E2070E21600B45A37 /* Release */ = {
			isa = XCBuildConfiguration;
			buildSettings = {
				CODE_SIGN_STYLE = Automatic;
				DEVELOPMENT_TEAM = Y3Y536TWHV;
				PRODUCT_NAME = "$(TARGET_NAME)";
			};
			name = Release;
		};
		C9A516982070EC4500B45A37 /* Debug */ = {
			isa = XCBuildConfiguration;
			buildSettings = {
				CODE_SIGN_STYLE = Automatic;
				DEVELOPMENT_TEAM = Y3Y536TWHV;
				PRODUCT_NAME = "$(TARGET_NAME)";
			};
			name = Debug;
		};
		C9A516992070EC4500B45A37 /* Release */ = {
			isa = XCBuildConfiguration;
			buildSettings = {
				CODE_SIGN_STYLE = Automatic;
				DEVELOPMENT_TEAM = Y3Y536TWHV;
				PRODUCT_NAME = "$(TARGET_NAME)";
			};
			name = Release;
		};
		C9EB6BFC2070F4C7003D86D3 /* Debug */ = {
			isa = XCBuildConfiguration;
			buildSettings = {
				CODE_SIGN_STYLE = Automatic;
				DEVELOPMENT_TEAM = Y3Y536TWHV;
				PRODUCT_NAME = "$(TARGET_NAME)";
			};
			name = Debug;
		};
		C9EB6BFD2070F4C7003D86D3 /* Release */ = {
			isa = XCBuildConfiguration;
			buildSettings = {
				CODE_SIGN_STYLE = Automatic;
				DEVELOPMENT_TEAM = Y3Y536TWHV;
				PRODUCT_NAME = "$(TARGET_NAME)";
			};
			name = Release;
		};
/* End XCBuildConfiguration section */

/* Begin XCConfigurationList section */
		C9A516802070E21600B45A37 /* Build configuration list for PBXProject "Line" */ = {
			isa = XCConfigurationList;
			buildConfigurations = (
				C9A5168A2070E21600B45A37 /* Debug */,
				C9A5168B2070E21600B45A37 /* Release */,
			);
			defaultConfigurationIsVisible = 0;
			defaultConfigurationName = Release;
		};
		C9A5168C2070E21600B45A37 /* Build configuration list for PBXNativeTarget "Line" */ = {
			isa = XCConfigurationList;
			buildConfigurations = (
				C9A5168D2070E21600B45A37 /* Debug */,
				C9A5168E2070E21600B45A37 /* Release */,
			);
			defaultConfigurationIsVisible = 0;
			defaultConfigurationName = Release;
		};
		C9A516972070EC4500B45A37 /* Build configuration list for PBXNativeTarget "2" */ = {
			isa = XCConfigurationList;
			buildConfigurations = (
				C9A516982070EC4500B45A37 /* Debug */,
				C9A516992070EC4500B45A37 /* Release */,
			);
			defaultConfigurationIsVisible = 0;
			defaultConfigurationName = Release;
		};
		C9EB6BFE2070F4C7003D86D3 /* Build configuration list for PBXNativeTarget "3" */ = {
			isa = XCConfigurationList;
			buildConfigurations = (
				C9EB6BFC2070F4C7003D86D3 /* Debug */,
				C9EB6BFD2070F4C7003D86D3 /* Release */,
			);
			defaultConfigurationIsVisible = 0;
			defaultConfigurationName = Release;
		};
/* End XCConfigurationList section */
	};
	rootObject = C9A5167D2070E21600B45A37 /* Project object */;
}
